
Microsoft Visual Studio Solution File, Format Version 12.00
# Visual Studio Version 17
VisualStudioVersion = 17.5.33530.505
MinimumVisualStudioVersion = 10.0.40219.1
Project("{9A19103F-16F7-4668-BE54-9A1E7A4F7556}") = "GoalGetter", "GoalGetter\GoalGetter.csproj", "{39F70BC0-7756-4113-8071-3CA0F9670F93}"
EndProject
Project("{9A19103F-16F7-4668-BE54-9A1E7A4F7556}") = "GG.CoreBusiness", "GG.CoreBusiness\GG.CoreBusiness.csproj", "{6D0604F9-F245-4C29-A0EB-88A9D3FEA221}"
EndProject
Project("{9A19103F-16F7-4668-BE54-9A1E7A4F7556}") = "ConsoleAppPlayground", "ConsoleAppPlayground\ConsoleAppPlayground.csproj", "{2471C830-2BC7-4900-973F-10C0542DEF8D}"
EndProject
Project("{9A19103F-16F7-4668-BE54-9A1E7A4F7556}") = "GG.Plugins.InMemory", "GG.Plugins.InMemory\GG.Plugins.InMemory.csproj", "{5A3BDF72-CE9C-46FE-9A45-F34A32DC824A}"
EndProject
Project("{9A19103F-16F7-4668-BE54-9A1E7A4F7556}") = "GG.UseCases", "GG.UseCases\GG.UseCases.csproj", "{98EBA361-40C7-41C0-80C3-AB368AAD359B}"
EndProject
Project("{9A19103F-16F7-4668-BE54-9A1E7A4F7556}") = "Libraries", "Libraries\Libraries.csproj", "{FF653EEE-57A4-4A18-B4B8-1AD5039CADD0}"
EndProject
Global
	GlobalSection(SolutionConfigurationPlatforms) = preSolution
		Debug|Any CPU = Debug|Any CPU
		Release|Any CPU = Release|Any CPU
	EndGlobalSection
	GlobalSection(ProjectConfigurationPlatforms) = postSolution
		{39F70BC0-7756-4113-8071-3CA0F9670F93}.Debug|Any CPU.ActiveCfg = Debug|Any CPU
		{39F70BC0-7756-4113-8071-3CA0F9670F93}.Debug|Any CPU.Build.0 = Debug|Any CPU
		{39F70BC0-7756-4113-8071-3CA0F9670F93}.Release|Any CPU.ActiveCfg = Release|Any CPU
		{39F70BC0-7756-4113-8071-3CA0F9670F93}.Release|Any CPU.Build.0 = Release|Any CPU
		{6D0604F9-F245-4C29-A0EB-88A9D3FEA221}.Debug|Any CPU.ActiveCfg = Debug|Any CPU
		{6D0604F9-F245-4C29-A0EB-88A9D3FEA221}.Debug|Any CPU.Build.0 = Debug|Any CPU
		{6D0604F9-F245-4C29-A0EB-88A9D3FEA221}.Release|Any CPU.ActiveCfg = Release|Any CPU
		{6D0604F9-F245-4C29-A0EB-88A9D3FEA221}.Release|Any CPU.Build.0 = Release|Any CPU
		{2471C830-2BC7-4900-973F-10C0542DEF8D}.Debug|Any CPU.ActiveCfg = Debug|Any CPU
		{2471C830-2BC7-4900-973F-10C0542DEF8D}.Debug|Any CPU.Build.0 = Debug|Any CPU
		{2471C830-2BC7-4900-973F-10C0542DEF8D}.Release|Any CPU.ActiveCfg = Release|Any CPU
		{2471C830-2BC7-4900-973F-10C0542DEF8D}.Release|Any CPU.Build.0 = Release|Any CPU
		{5A3BDF72-CE9C-46FE-9A45-F34A32DC824A}.Debug|Any CPU.ActiveCfg = Debug|Any CPU
		{5A3BDF72-CE9C-46FE-9A45-F34A32DC824A}.Debug|Any CPU.Build.0 = Debug|Any CPU
		{5A3BDF72-CE9C-46FE-9A45-F34A32DC824A}.Release|Any CPU.ActiveCfg = Release|Any CPU
		{5A3BDF72-CE9C-46FE-9A45-F34A32DC824A}.Release|Any CPU.Build.0 = Release|Any CPU
		{98EBA361-40C7-41C0-80C3-AB368AAD359B}.Debug|Any CPU.ActiveCfg = Debug|Any CPU
		{98EBA361-40C7-41C0-80C3-AB368AAD359B}.Debug|Any CPU.Build.0 = Debug|Any CPU
		{98EBA361-40C7-41C0-80C3-AB368AAD359B}.Release|Any CPU.ActiveCfg = Release|Any CPU
		{98EBA361-40C7-41C0-80C3-AB368AAD359B}.Release|Any CPU.Build.0 = Release|Any CPU
		{FF653EEE-57A4-4A18-B4B8-1AD5039CADD0}.Debug|Any CPU.ActiveCfg = Debug|Any CPU
		{FF653EEE-57A4-4A18-B4B8-1AD5039CADD0}.Debug|Any CPU.Build.0 = Debug|Any CPU
		{FF653EEE-57A4-4A18-B4B8-1AD5039CADD0}.Release|Any CPU.ActiveCfg = Release|Any CPU
		{FF653EEE-57A4-4A18-B4B8-1AD5039CADD0}.Release|Any CPU.Build.0 = Release|Any CPU
	EndGlobalSection
	GlobalSection(SolutionProperties) = preSolution
		HideSolutionNode = FALSE
	EndGlobalSection
	GlobalSection(ExtensibilityGlobals) = postSolution
		SolutionGuid = {4461251C-2DD6-4CF3-8A9F-23BC564C99EF}
	EndGlobalSection
EndGlobal
